
Microsoft Visual Studio Solution File, Format Version 12.00
# Visual Studio 15
VisualStudioVersion = 15.0.28010.2003
MinimumVisualStudioVersion = 10.0.40219.1
Project("{FAE04EC0-301F-11D3-BF4B-00C04F79EFBC}") = "EvolentHealthContactManagement", "EvolentHealthContactManagement\EvolentHealthContactManagement.csproj", "{2ACC7038-6FA9-410B-B6F4-8B3B1A1BF751}"
EndProject
Project("{FAE04EC0-301F-11D3-BF4B-00C04F79EFBC}") = "EvolentHealthContactManagement.Tests", "EvolentHealthContactManagement.Tests\EvolentHealthContactManagement.Tests.csproj", "{25B4600B-0BF2-4B2B-9350-97AC20C773CA}"
EndProject
Global
	GlobalSection(SolutionConfigurationPlatforms) = preSolution
		Debug|Any CPU = Debug|Any CPU
		Release|Any CPU = Release|Any CPU
	EndGlobalSection
	GlobalSection(ProjectConfigurationPlatforms) = postSolution
		{2ACC7038-6FA9-410B-B6F4-8B3B1A1BF751}.Debug|Any CPU.ActiveCfg = Debug|Any CPU
		{2ACC7038-6FA9-410B-B6F4-8B3B1A1BF751}.Debug|Any CPU.Build.0 = Debug|Any CPU
		{2ACC7038-6FA9-410B-B6F4-8B3B1A1BF751}.Release|Any CPU.ActiveCfg = Release|Any CPU
		{2ACC7038-6FA9-410B-B6F4-8B3B1A1BF751}.Release|Any CPU.Build.0 = Release|Any CPU
		{25B4600B-0BF2-4B2B-9350-97AC20C773CA}.Debug|Any CPU.ActiveCfg = Debug|Any CPU
		{25B4600B-0BF2-4B2B-9350-97AC20C773CA}.Debug|Any CPU.Build.0 = Debug|Any CPU
		{25B4600B-0BF2-4B2B-9350-97AC20C773CA}.Release|Any CPU.ActiveCfg = Release|Any CPU
		{25B4600B-0BF2-4B2B-9350-97AC20C773CA}.Release|Any CPU.Build.0 = Release|Any CPU
	EndGlobalSection
	GlobalSection(SolutionProperties) = preSolution
		HideSolutionNode = FALSE
	EndGlobalSection
	GlobalSection(ExtensibilityGlobals) = postSolution
		SolutionGuid = {FCCCEF1B-8C91-447E-88F8-FEFC520F53C3}
	EndGlobalSection
EndGlobal
